
Microsoft Visual Studio Solution File, Format Version 12.00
# Visual Studio Version 17
VisualStudioVersion = 17.5.002.0
MinimumVisualStudioVersion = 10.0.40219.1
Project("{9A19103F-16F7-4668-BE54-9A1E7A4F7556}") = "api1", "api1\api1.csproj", "{54EB10AC-BF73-4CCA-832C-CF226A97FC11}"
EndProject
Project("{9A19103F-16F7-4668-BE54-9A1E7A4F7556}") = "api2", "api2\api2.csproj", "{5E332D73-D89E-427F-BD6A-F4CE4A56B366}"
EndProject
Project("{9A19103F-16F7-4668-BE54-9A1E7A4F7556}") = "adminApp", "adminApp\adminApp.csproj", "{70897250-B202-4B40-B3AF-E1BA487E60F7}"
EndProject
Global
	GlobalSection(SolutionConfigurationPlatforms) = preSolution
		Debug|Any CPU = Debug|Any CPU
		Release|Any CPU = Release|Any CPU
	EndGlobalSection
	GlobalSection(ProjectConfigurationPlatforms) = postSolution
		{54EB10AC-BF73-4CCA-832C-CF226A97FC11}.Debug|Any CPU.ActiveCfg = Debug|Any CPU
		{54EB10AC-BF73-4CCA-832C-CF226A97FC11}.Debug|Any CPU.Build.0 = Debug|Any CPU
		{54EB10AC-BF73-4CCA-832C-CF226A97FC11}.Release|Any CPU.ActiveCfg = Release|Any CPU
		{54EB10AC-BF73-4CCA-832C-CF226A97FC11}.Release|Any CPU.Build.0 = Release|Any CPU
		{5E332D73-D89E-427F-BD6A-F4CE4A56B366}.Debug|Any CPU.ActiveCfg = Debug|Any CPU
		{5E332D73-D89E-427F-BD6A-F4CE4A56B366}.Debug|Any CPU.Build.0 = Debug|Any CPU
		{5E332D73-D89E-427F-BD6A-F4CE4A56B366}.Release|Any CPU.ActiveCfg = Release|Any CPU
		{5E332D73-D89E-427F-BD6A-F4CE4A56B366}.Release|Any CPU.Build.0 = Release|Any CPU
		{70897250-B202-4B40-B3AF-E1BA487E60F7}.Debug|Any CPU.ActiveCfg = Debug|Any CPU
		{70897250-B202-4B40-B3AF-E1BA487E60F7}.Debug|Any CPU.Build.0 = Debug|Any CPU
		{70897250-B202-4B40-B3AF-E1BA487E60F7}.Release|Any CPU.ActiveCfg = Release|Any CPU
		{70897250-B202-4B40-B3AF-E1BA487E60F7}.Release|Any CPU.Build.0 = Release|Any CPU
	EndGlobalSection
	GlobalSection(SolutionProperties) = preSolution
		HideSolutionNode = FALSE
	EndGlobalSection
	GlobalSection(ExtensibilityGlobals) = postSolution
		SolutionGuid = {C067D711-6E3A-42E5-84DA-0AD257AC7FBC}
	EndGlobalSection
EndGlobal
